<?xml version="1.0" encoding="utf-8"?>
<Project ToolsVersion="4.0" xmlns="http://schemas.microsoft.com/developer/msbuild/2003">
  <ItemGroup>
    <Filter Include="Source Files">
      <UniqueIdentifier>{4FC737F1-C7A5-4376-A066-2A32D752A2FF}</UniqueIdentifier>
      <Extensions>cpp;c;cc;cxx;c++;cppm;ixx;def;odl;idl;hpj;bat;asm;asmx</Extensions>
    </Filter>
    <Filter Include="Header Files">
      <UniqueIdentifier>{93995380-89BD-4b04-88EB-625FBE52EBFB}</UniqueIdentifier>
      <Extensions>h;hh;hpp;hxx;h++;hm;inl;inc;ipp;xsd</Extensions>
    </Filter>
    <Filter Include="Resource Files">
      <UniqueIdentifier>{67DA6AB6-F800-4c08-8B7A-83BB121AAD01}</UniqueIdentifier>
      <Extensions>rc;ico;cur;bmp;dlg;rc2;rct;bin;rgs;gif;jpg;jpeg;jpe;resx;tiff;tif;png;wav;mfcribbon-ms</Extensions>
    </Filter>
  </ItemGroup>
  <ItemGroup>
    <ClCompile Include="Source.cpp">
      <Filter>Source Files</Filter>
    </ClCompile>
    <ClCompile Include="ClsMainMenu.cpp">
      <Filter>Source Files</Filter>
    </ClCompile>
    <ClCompile Include="ClsCruencesList.cpp">
      <Filter>Source Files</Filter>
    </ClCompile>
  </ItemGroup>
  <ItemGroup>
    <ClInclude Include="ClsPerson.h">
      <Filter>Header Files</Filter>
    </ClInclude>
    <ClInclude Include="ClsBankClient.h">
      <Filter>Header Files</Filter>
    </ClInclude>
    <ClInclude Include="ClsString.h">
      <Filter>Header Files</Filter>
    </ClInclude>
    <ClInclude Include="ClsDate.h">
      <Filter>Header Files</Filter>
    </ClInclude>
    <ClInclude Include="ClsInputValidation.h">
      <Filter>Header Files</Filter>
    </ClInclude>
    <ClInclude Include="ClsUtile.h">
      <Filter>Header Files</Filter>
    </ClInclude>
    <ClInclude Include="ClsScreen.h">
      <Filter>Header Files</Filter>
    </ClInclude>
    <ClInclude Include="ClsMainMenu.h">
      <Filter>Header Files</Filter>
    </ClInclude>
    <ClInclude Include="ClsAddClientScreen.h">
      <Filter>Header Files</Filter>
    </ClInclude>
    <ClInclude Include="ClsClientsListScreen.h">
      <Filter>Header Files</Filter>
    </ClInclude>
    <ClInclude Include="ClsDeleteClientScreen.h">
      <Filter>Header Files</Filter>
    </ClInclude>
    <ClInclude Include="ClsUpdateClientScreen.h">
      <Filter>Header Files</Filter>
    </ClInclude>
    <ClInclude Include="ClsFindClientScreen.h">
      <Filter>Header Files</Filter>
    </ClInclude>
    <ClInclude Include="ClsTransactionMenuScreen.h">
      <Filter>Header Files</Filter>
    </ClInclude>
    <ClInclude Include="ClsDepositScreen.h">
      <Filter>Header Files</Filter>
    </ClInclude>
    <ClInclude Include="ClsWithdrawScreen.h">
      <Filter>Header Files</Filter>
    </ClInclude>
    <ClInclude Include="ClsTotalBalanceScreen.h">
      <Filter>Header Files</Filter>
    </ClInclude>
    <ClInclude Include="ClsPermissions.h">
      <Filter>Header Files</Filter>
    </ClInclude>
    <ClInclude Include="ClsUers.h">
      <Filter>Header Files</Filter>
    </ClInclude>
    <ClInclude Include="ClsMangeUsersMenuScreen.h">
      <Filter>Header Files</Filter>
    </ClInclude>
    <ClInclude Include="ClsAddUserScreen.h">
      <Filter>Header Files</Filter>
    </ClInclude>
    <ClInclude Include="ClsUsersListScreen.h">
      <Filter>Header Files</Filter>
    </ClInclude>
    <ClInclude Include="ClsLoginScreen.h">
      <Filter>Header Files</Filter>
    </ClInclude>
    <ClInclude Include="ClsClearClientsScreen.h">
      <Filter>Header Files</Filter>
    </ClInclude>
    <ClInclude Include="ClsFindUserScreen.h">
      <Filter>Header Files</Filter>
    </ClInclude>
    <ClInclude Include="ClsDeleteUserScreen.h">
      <Filter>Header Files</Filter>
    </ClInclude>
    <ClInclude Include="ClsUpdateUserScreen.h">
      <Filter>Header Files</Filter>
    </ClInclude>
    <ClInclude Include="ClsLoginRegister.h">
      <Filter>Header Files</Filter>
    </ClInclude>
    <ClInclude Include="ClsAllLoginRegisterDataScreen.h">
      <Filter>Header Files</Filter>
    </ClInclude>
    <ClInclude Include="ClsSearchByUsernameScreen.h">
      <Filter>Header Files</Filter>
    </ClInclude>
    <ClInclude Include="ClsLoginRegisterData.h">
      <Filter>Header Files</Filter>
    </ClInclude>
    <ClInclude Include="ClsSearchByDateScreen.h">
      <Filter>Header Files</Filter>
    </ClInclude>
    <ClInclude Include="ClsTransferScreen.h">
      <Filter>Header Files</Filter>
    </ClInclude>
    <ClInclude Include="ClsTransfer.h">
      <Filter>Header Files</Filter>
    </ClInclude>
    <ClInclude Include="ClsTransfersList.h">
      <Filter>Header Files</Filter>
    </ClInclude>
    <ClInclude Include="ClsCurrency.h">
      <Filter>Header Files</Filter>
    </ClInclude>
    <ClInclude Include="ClsCurrenciesList.h">
      <Filter>Header Files</Filter>
    </ClInclude>
    <ClInclude Include="ClsCurrenciesScreen.h">
      <Filter>Header Files</Filter>
    </ClInclude>
  </ItemGroup>
</Project>